
Microsoft Visual Studio Solution File, Format Version 12.00
# Visual Studio 15
VisualStudioVersion = 15.0.27428.2005
MinimumVisualStudioVersion = 10.0.40219.1
Project("{FAE04EC0-301F-11D3-BF4B-00C04F79EFBC}") = "Snake.Tests", "Snake.Tests\Snake.Tests.csproj", "{BE67EC1F-E746-4F36-BD3A-43DB502F8D15}"
EndProject
Project("{FAE04EC0-301F-11D3-BF4B-00C04F79EFBC}") = "Snake", "Snake\Snake.csproj", "{0D4B817D-0120-419F-A169-93BA7A6EFB16}"
EndProject
Global
	GlobalSection(SolutionConfigurationPlatforms) = preSolution
		Debug|Any CPU = Debug|Any CPU
		Release|Any CPU = Release|Any CPU
	EndGlobalSection
	GlobalSection(ProjectConfigurationPlatforms) = postSolution
		{BE67EC1F-E746-4F36-BD3A-43DB502F8D15}.Debug|Any CPU.ActiveCfg = Debug|Any CPU
		{BE67EC1F-E746-4F36-BD3A-43DB502F8D15}.Debug|Any CPU.Build.0 = Debug|Any CPU
		{BE67EC1F-E746-4F36-BD3A-43DB502F8D15}.Release|Any CPU.ActiveCfg = Release|Any CPU
		{BE67EC1F-E746-4F36-BD3A-43DB502F8D15}.Release|Any CPU.Build.0 = Release|Any CPU
		{0D4B817D-0120-419F-A169-93BA7A6EFB16}.Debug|Any CPU.ActiveCfg = Debug|Any CPU
		{0D4B817D-0120-419F-A169-93BA7A6EFB16}.Debug|Any CPU.Build.0 = Debug|Any CPU
		{0D4B817D-0120-419F-A169-93BA7A6EFB16}.Release|Any CPU.ActiveCfg = Release|Any CPU
		{0D4B817D-0120-419F-A169-93BA7A6EFB16}.Release|Any CPU.Build.0 = Release|Any CPU
	EndGlobalSection
	GlobalSection(SolutionProperties) = preSolution
		HideSolutionNode = FALSE
	EndGlobalSection
	GlobalSection(ExtensibilityGlobals) = postSolution
		SolutionGuid = {070472ED-61CB-45D6-B597-8551514EC08E}
	EndGlobalSection
EndGlobal
